
Microsoft Visual Studio Solution File, Format Version 12.00
# Visual Studio Version 17
VisualStudioVersion = 17.5.002.0
MinimumVisualStudioVersion = 10.0.40219.1
Project("{9A19103F-16F7-4668-BE54-9A1E7A4F7556}") = "Aula7", "Aula7.csproj", "{8DB959FB-1795-4DF9-ABEC-67CC8DB2A645}"
EndProject
Global
	GlobalSection(SolutionConfigurationPlatforms) = preSolution
		Debug|Any CPU = Debug|Any CPU
		Release|Any CPU = Release|Any CPU
	EndGlobalSection
	GlobalSection(ProjectConfigurationPlatforms) = postSolution
		{8DB959FB-1795-4DF9-ABEC-67CC8DB2A645}.Debug|Any CPU.ActiveCfg = Debug|Any CPU
		{8DB959FB-1795-4DF9-ABEC-67CC8DB2A645}.Debug|Any CPU.Build.0 = Debug|Any CPU
		{8DB959FB-1795-4DF9-ABEC-67CC8DB2A645}.Release|Any CPU.ActiveCfg = Release|Any CPU
		{8DB959FB-1795-4DF9-ABEC-67CC8DB2A645}.Release|Any CPU.Build.0 = Release|Any CPU
	EndGlobalSection
	GlobalSection(SolutionProperties) = preSolution
		HideSolutionNode = FALSE
	EndGlobalSection
	GlobalSection(ExtensibilityGlobals) = postSolution
		SolutionGuid = {95B7280D-763D-49D4-BCE9-B57A197358E0}
	EndGlobalSection
EndGlobal
